
Microsoft Visual Studio Solution File, Format Version 12.00
# Visual Studio Version 17
VisualStudioVersion = 17.13.35818.85 d17.13
MinimumVisualStudioVersion = 10.0.40219.1
Project("{FAE04EC0-301F-11D3-BF4B-00C04F79EFBC}") = "MyFirstApp", "MyFirstApp\MyFirstApp.csproj", "{CE4B0DFF-255A-4657-BC98-F477C546A02B}"
EndProject
Global
	GlobalSection(SolutionConfigurationPlatforms) = preSolution
		Debug|Any CPU = Debug|Any CPU
		Release|Any CPU = Release|Any CPU
	EndGlobalSection
	GlobalSection(ProjectConfigurationPlatforms) = postSolution
		{CE4B0DFF-255A-4657-BC98-F477C546A02B}.Debug|Any CPU.ActiveCfg = Debug|Any CPU
		{CE4B0DFF-255A-4657-BC98-F477C546A02B}.Debug|Any CPU.Build.0 = Debug|Any CPU
		{CE4B0DFF-255A-4657-BC98-F477C546A02B}.Release|Any CPU.ActiveCfg = Release|Any CPU
		{CE4B0DFF-255A-4657-BC98-F477C546A02B}.Release|Any CPU.Build.0 = Release|Any CPU
	EndGlobalSection
	GlobalSection(SolutionProperties) = preSolution
		HideSolutionNode = FALSE
	EndGlobalSection
	GlobalSection(ExtensibilityGlobals) = postSolution
		SolutionGuid = {866A4B3C-93A8-40F6-BE94-F0EE7D077368}
	EndGlobalSection
EndGlobal
